{
  "version": "5",
  "specifiers": {
    "jsr:@hono/hono@*": "4.12.27",
    "npm:jose@*": "6.2.3",
    "npm:js-yaml@*": "5.2.1"
  },
  "jsr": {
    "@hono/hono@4.12.27": {
      "integrity": "3acc640592008e43f7048e8e53275203e0da84fbcd50201121195da7560583dc"
    }
  },
  "npm": {
    "argparse@2.0.1": {
      "integrity": "sha512-8+9WqebbFzpX9OR+Wa6O29asIogeRMzcGtAINdpMHHyAg10f05aSFVBbcEqGf/PXw1EjAZ+q2/bEBg3DvurK3Q=="
    },
    "jose@6.2.3": {
      "integrity": "sha512-YYVDInQKFJfR/xa3ojUTl8c2KoTwiL1R5Wg9YCydwH0x0B9grbzlg5HC7mMjCtUJjbQ/YnGEZIhI5tCgfTb4Hw=="
    },
    "js-yaml@5.2.1": {
      "integrity": "sha512-zfLtNfQqxVqq3uaTqSkh4x4hZw3KHobGUA0fJUj4wawW8bsQLTVqpHdXSIzidh7o+4lEW36tANuAGdaFx6Zgnw==",
      "dependencies": [
        "argparse"
      ],
      "bin": true
    }
  },
  "workspace": {
    "dependencies": [
      "npm:jose@*",
      "npm:js-yaml@*"
    ]
  }
}
